<?xml version="1.0" encoding="utf-8"?>
<Project ToolsVersion="12.0" xmlns="http://schemas.microsoft.com/developer/msbuild/2003">
  <ItemGroup>
    <CustomBuild Include="..\..\CMakeFiles\a52480ef059255013c8dcfcdc52164de\INSTALL_force.rule">
      <Filter>CMake Rules</Filter>
    </CustomBuild>
  </ItemGroup>
  <ItemGroup>
    <Filter Include="CMake Rules">
      <UniqueIdentifier>{19C7D2AE-1F9E-41FD-A070-E53C47AC7FB2}</UniqueIdentifier>
    </Filter>
  </ItemGroup>
</Project>
