<?xml version="1.0" encoding="utf-8"?>
<Project ToolsVersion="12.0" xmlns="http://schemas.microsoft.com/developer/msbuild/2003">
  <ItemGroup>
    <ClCompile Include="Clock.cpp" />
    <ClCompile Include="Err.cpp" />
    <ClCompile Include="Lock.cpp" />
    <ClCompile Include="Mutex.cpp" />
    <ClCompile Include="Sleep.cpp" />
    <ClCompile Include="String.cpp" />
    <ClCompile Include="Thread.cpp" />
    <ClCompile Include="ThreadLocal.cpp" />
    <ClCompile Include="Time.cpp" />
    <ClCompile Include="Win32\ClockImpl.cpp">
      <Filter>windows</Filter>
    </ClCompile>
    <ClCompile Include="Win32\MutexImpl.cpp">
      <Filter>windows</Filter>
    </ClCompile>
    <ClCompile Include="Win32\SleepImpl.cpp">
      <Filter>windows</Filter>
    </ClCompile>
    <ClCompile Include="Win32\ThreadImpl.cpp">
      <Filter>windows</Filter>
    </ClCompile>
    <ClCompile Include="Win32\ThreadLocalImpl.cpp">
      <Filter>windows</Filter>
    </ClCompile>
  </ItemGroup>
  <ItemGroup>
    <ClInclude Include="..\..\..\include\SFML\System\Clock.hpp" />
    <ClInclude Include="..\..\..\include\SFML\System\Err.hpp" />
    <ClInclude Include="..\..\..\include\SFML\System\Export.hpp" />
    <ClInclude Include="..\..\..\include\SFML\System\InputStream.hpp" />
    <ClInclude Include="..\..\..\include\SFML\System\Lock.hpp" />
    <ClInclude Include="..\..\..\include\SFML\System\Mutex.hpp" />
    <ClInclude Include="..\..\..\include\SFML\System\NonCopyable.hpp" />
    <ClInclude Include="..\..\..\include\SFML\System\Sleep.hpp" />
    <ClInclude Include="..\..\..\include\SFML\System\String.hpp" />
    <ClInclude Include="..\..\..\include\SFML\System\String.inl" />
    <ClInclude Include="..\..\..\include\SFML\System\Thread.hpp" />
    <ClInclude Include="..\..\..\include\SFML\System\Thread.inl" />
    <ClInclude Include="..\..\..\include\SFML\System\ThreadLocal.hpp" />
    <ClInclude Include="..\..\..\include\SFML\System\ThreadLocalPtr.hpp" />
    <ClInclude Include="..\..\..\include\SFML\System\ThreadLocalPtr.inl" />
    <ClInclude Include="..\..\..\include\SFML\System\Time.hpp" />
    <ClInclude Include="..\..\..\include\SFML\System\Utf.hpp" />
    <ClInclude Include="..\..\..\include\SFML\System\Utf.inl" />
    <ClInclude Include="..\..\..\include\SFML\System\Vector2.hpp" />
    <ClInclude Include="..\..\..\include\SFML\System\Vector2.inl" />
    <ClInclude Include="..\..\..\include\SFML\System\Vector3.hpp" />
    <ClInclude Include="..\..\..\include\SFML\System\Vector3.inl" />
    <ClInclude Include="Win32\ClockImpl.hpp">
      <Filter>windows</Filter>
    </ClInclude>
    <ClInclude Include="Win32\MutexImpl.hpp">
      <Filter>windows</Filter>
    </ClInclude>
    <ClInclude Include="Win32\SleepImpl.hpp">
      <Filter>windows</Filter>
    </ClInclude>
    <ClInclude Include="Win32\ThreadImpl.hpp">
      <Filter>windows</Filter>
    </ClInclude>
    <ClInclude Include="Win32\ThreadLocalImpl.hpp">
      <Filter>windows</Filter>
    </ClInclude>
  </ItemGroup>
  <ItemGroup>
    <CustomBuild Include="CMakeLists.txt" />
  </ItemGroup>
  <ItemGroup>
    <Filter Include="windows">
      <UniqueIdentifier>{BE192951-A30E-43E6-9348-90C6A73234C8}</UniqueIdentifier>
    </Filter>
  </ItemGroup>
</Project>
